{
  "name": "co-reading-mcp",
  "version": "0.1.0",
  "lockfileVersion": 3,
  "requires": true,
  "packages": {
    "": {
      "name": "co-reading-mcp",
      "version": "0.1.0",
      "license": "MIT",
      "bin": {
        "co-reading-mcp": "src/server.js",
        "co-reading-reader": "src/http.js",
        "co-reading-sse": "src/server-sse.js"
      },
      "engines": {
        "node": ">=18"
      }
    }
  }
}
